
Microsoft Visual Studio Solution File, Format Version 12.00
# Visual Studio Version 17
VisualStudioVersion = 17.14.36518.9 d17.14
MinimumVisualStudioVersion = 10.0.40219.1
Project("{FAE04EC0-301F-11D3-BF4B-00C04F79EFBC}") = "mnmax", "mnmax.csproj", "{2CD4CFDC-8056-435D-AFDB-8BFD1DD624D9}"
EndProject
Global
	GlobalSection(SolutionConfigurationPlatforms) = preSolution
		Debug|Any CPU = Debug|Any CPU
		Release|Any CPU = Release|Any CPU
	EndGlobalSection
	GlobalSection(ProjectConfigurationPlatforms) = postSolution
		{2CD4CFDC-8056-435D-AFDB-8BFD1DD624D9}.Debug|Any CPU.ActiveCfg = Debug|Any CPU
		{2CD4CFDC-8056-435D-AFDB-8BFD1DD624D9}.Debug|Any CPU.Build.0 = Debug|Any CPU
		{2CD4CFDC-8056-435D-AFDB-8BFD1DD624D9}.Release|Any CPU.ActiveCfg = Release|Any CPU
		{2CD4CFDC-8056-435D-AFDB-8BFD1DD624D9}.Release|Any CPU.Build.0 = Release|Any CPU
	EndGlobalSection
	GlobalSection(SolutionProperties) = preSolution
		HideSolutionNode = FALSE
	EndGlobalSection
	GlobalSection(ExtensibilityGlobals) = postSolution
		SolutionGuid = {44B8A151-664D-4B02-8193-66EE209689F6}
	EndGlobalSection
EndGlobal
