
Microsoft Visual Studio Solution File, Format Version 12.00
# Visual Studio Version 17
VisualStudioVersion = 17.14.36511.14 d17.14
MinimumVisualStudioVersion = 10.0.40219.1
Project("{FAE04EC0-301F-11D3-BF4B-00C04F79EFBC}") = "fac", "fac.csproj", "{8FCA11C4-326E-487D-B3D8-491B4CCE535B}"
EndProject
Global
	GlobalSection(SolutionConfigurationPlatforms) = preSolution
		Debug|Any CPU = Debug|Any CPU
		Release|Any CPU = Release|Any CPU
	EndGlobalSection
	GlobalSection(ProjectConfigurationPlatforms) = postSolution
		{8FCA11C4-326E-487D-B3D8-491B4CCE535B}.Debug|Any CPU.ActiveCfg = Debug|Any CPU
		{8FCA11C4-326E-487D-B3D8-491B4CCE535B}.Debug|Any CPU.Build.0 = Debug|Any CPU
		{8FCA11C4-326E-487D-B3D8-491B4CCE535B}.Release|Any CPU.ActiveCfg = Release|Any CPU
		{8FCA11C4-326E-487D-B3D8-491B4CCE535B}.Release|Any CPU.Build.0 = Release|Any CPU
	EndGlobalSection
	GlobalSection(SolutionProperties) = preSolution
		HideSolutionNode = FALSE
	EndGlobalSection
	GlobalSection(ExtensibilityGlobals) = postSolution
		SolutionGuid = {1503A516-C483-4A69-85C6-1432811BF885}
	EndGlobalSection
EndGlobal
